
Microsoft Visual Studio Solution File, Format Version 12.00
# Visual Studio Version 16
VisualStudioVersion = 16.0.28803.352
MinimumVisualStudioVersion = 10.0.40219.1
Project("{FAE04EC0-301F-11D3-BF4B-00C04F79EFBC}") = "image_pro", "image_pro\image_pro.csproj", "{2AF0CC76-6DF7-4985-916D-A3758158808D}"
EndProject
Global
	GlobalSection(SolutionConfigurationPlatforms) = preSolution
		Debug|Any CPU = Debug|Any CPU
		Release|Any CPU = Release|Any CPU
	EndGlobalSection
	GlobalSection(ProjectConfigurationPlatforms) = postSolution
		{2AF0CC76-6DF7-4985-916D-A3758158808D}.Debug|Any CPU.ActiveCfg = Debug|Any CPU
		{2AF0CC76-6DF7-4985-916D-A3758158808D}.Debug|Any CPU.Build.0 = Debug|Any CPU
		{2AF0CC76-6DF7-4985-916D-A3758158808D}.Release|Any CPU.ActiveCfg = Release|Any CPU
		{2AF0CC76-6DF7-4985-916D-A3758158808D}.Release|Any CPU.Build.0 = Release|Any CPU
	EndGlobalSection
	GlobalSection(SolutionProperties) = preSolution
		HideSolutionNode = FALSE
	EndGlobalSection
	GlobalSection(ExtensibilityGlobals) = postSolution
		SolutionGuid = {08985171-817E-4203-9F5A-290FD2038297}
	EndGlobalSection
EndGlobal
